
Microsoft Visual Studio Solution File, Format Version 12.00
# Visual Studio Version 17
VisualStudioVersion = 17.6.33829.357
MinimumVisualStudioVersion = 10.0.40219.1
Project("{FAE04EC0-301F-11D3-BF4B-00C04F79EFBC}") = "Assignment1", "Assignment1.csproj", "{439801A1-6352-4605-B2F1-8254376AC9D1}"
EndProject
Project("{FAE04EC0-301F-11D3-BF4B-00C04F79EFBC}") = "ConsoleApp1", "..\ConsoleApp1\ConsoleApp1.csproj", "{9CCE4A98-8DD2-4F62-AD63-8B1B73D8FA9E}"
EndProject
Global
	GlobalSection(SolutionConfigurationPlatforms) = preSolution
		Debug|Any CPU = Debug|Any CPU
		Release|Any CPU = Release|Any CPU
	EndGlobalSection
	GlobalSection(ProjectConfigurationPlatforms) = postSolution
		{439801A1-6352-4605-B2F1-8254376AC9D1}.Debug|Any CPU.ActiveCfg = Debug|Any CPU
		{439801A1-6352-4605-B2F1-8254376AC9D1}.Debug|Any CPU.Build.0 = Debug|Any CPU
		{439801A1-6352-4605-B2F1-8254376AC9D1}.Release|Any CPU.ActiveCfg = Release|Any CPU
		{439801A1-6352-4605-B2F1-8254376AC9D1}.Release|Any CPU.Build.0 = Release|Any CPU
		{9CCE4A98-8DD2-4F62-AD63-8B1B73D8FA9E}.Debug|Any CPU.ActiveCfg = Debug|Any CPU
		{9CCE4A98-8DD2-4F62-AD63-8B1B73D8FA9E}.Debug|Any CPU.Build.0 = Debug|Any CPU
		{9CCE4A98-8DD2-4F62-AD63-8B1B73D8FA9E}.Release|Any CPU.ActiveCfg = Release|Any CPU
		{9CCE4A98-8DD2-4F62-AD63-8B1B73D8FA9E}.Release|Any CPU.Build.0 = Release|Any CPU
	EndGlobalSection
	GlobalSection(SolutionProperties) = preSolution
		HideSolutionNode = FALSE
	EndGlobalSection
	GlobalSection(ExtensibilityGlobals) = postSolution
		SolutionGuid = {CCEAF2F4-A170-4949-B563-CB548088D0E5}
	EndGlobalSection
EndGlobal
